{
  "socketPath": "/var/folders/28/qypkp5tx0sv5wv2m5n63nmbc0000gn/T/mcp-JAT40K/mcp.sock",
  "scheme": "unix",
  "headers": {
    "Authorization": "Nonce c346caed-19e0-4033-b7df-c734d8b98e88"
  },
  "pid": 6682,
  "ideName": "Visual Studio Code",
  "timestamp": 1783156183985,
  "workspaceFolders": [
    "/Volumes/CanonA001/2026.7.4"
  ],
  "isTrusted": true
}